# This file is automatically @generated by Cargo.
# It is not intended for manual editing.
[[package]]
name = "bitflags"
version = "1.0.4"
source = "registry+https://github.com/rust-lang/crates.io-index"

[[package]]
name = "cfg-if"
version = "0.1.6"
source = "registry+https://github.com/rust-lang/crates.io-index"

[[package]]
name = "cstr_core"
version = "0.1.2"
source = "registry+https://github.com/rust-lang/crates.io-index"
dependencies = [
 "cty 0.1.5 (registry+https://github.com/rust-lang/crates.io-index)",
 "memchr 2.1.3 (registry+https://github.com/rust-lang/crates.io-index)",
]

[[package]]
name = "cty"
version = "0.1.5"
source = "registry+https://github.com/rust-lang/crates.io-index"

[[package]]
name = "embedded-freetype-sys"
version = "0.1.0"
source = "registry+https://github.com/rust-lang/crates.io-index"
dependencies = [
 "cty 0.1.5 (registry+https://github.com/rust-lang/crates.io-index)",
]

[[package]]
name = "failure"
version = "0.1.5"
source = "registry+https://github.com/rust-lang/crates.io-index"

[[package]]
name = "hello-world"
version = "1.0.0"
dependencies = [
 "ndless 0.6.0 (registry+https://github.com/rust-lang/crates.io-index)",
 "ndless-handler 0.1.0 (registry+https://github.com/rust-lang/crates.io-index)",
]

[[package]]
name = "hello-world-prompt"
version = "0.1.0"
dependencies = [
 "ndless 0.6.0 (registry+https://github.com/rust-lang/crates.io-index)",
 "ndless-handler 0.1.0 (registry+https://github.com/rust-lang/crates.io-index)",
]

[[package]]
name = "hello-world-sdl"
version = "1.0.0"
dependencies = [
 "ndless 0.6.0 (registry+https://github.com/rust-lang/crates.io-index)",
 "ndless-handler 0.1.0 (registry+https://github.com/rust-lang/crates.io-index)",
 "ndless-sdl 0.1.5 (registry+https://github.com/rust-lang/crates.io-index)",
]

[[package]]
name = "hello-world-text"
version = "1.0.0"
dependencies = [
 "ndless 0.6.0 (registry+https://github.com/rust-lang/crates.io-index)",
 "ndless-freetype 0.1.1 (registry+https://github.com/rust-lang/crates.io-index)",
 "ndless-handler 0.1.0 (registry+https://github.com/rust-lang/crates.io-index)",
 "ndless-sdl 0.1.5 (registry+https://github.com/rust-lang/crates.io-index)",
]

[[package]]
name = "memchr"
version = "2.1.3"
source = "registry+https://github.com/rust-lang/crates.io-index"
dependencies = [
 "cfg-if 0.1.6 (registry+https://github.com/rust-lang/crates.io-index)",
]

[[package]]
name = "ndless"
version = "0.5.2"
source = "registry+https://github.com/rust-lang/crates.io-index"
dependencies = [
 "cstr_core 0.1.2 (registry+https://github.com/rust-lang/crates.io-index)",
 "cty 0.1.5 (registry+https://github.com/rust-lang/crates.io-index)",
 "ndless-macros 0.1.1 (registry+https://github.com/rust-lang/crates.io-index)",
 "ndless-static-vars 1.0.0 (registry+https://github.com/rust-lang/crates.io-index)",
 "ndless-sys 0.1.3 (registry+https://github.com/rust-lang/crates.io-index)",
]

[[package]]
name = "ndless"
version = "0.6.0"
source = "registry+https://github.com/rust-lang/crates.io-index"
dependencies = [
 "cstr_core 0.1.2 (registry+https://github.com/rust-lang/crates.io-index)",
 "cty 0.1.5 (registry+https://github.com/rust-lang/crates.io-index)",
 "ndless-macros 0.1.1 (registry+https://github.com/rust-lang/crates.io-index)",
 "ndless-static-vars 1.0.0 (registry+https://github.com/rust-lang/crates.io-index)",
 "ndless-sys 0.1.3 (registry+https://github.com/rust-lang/crates.io-index)",
]

[[package]]
name = "ndless-freetype"
version = "0.1.1"
source = "registry+https://github.com/rust-lang/crates.io-index"
dependencies = [
 "bitflags 1.0.4 (registry+https://github.com/rust-lang/crates.io-index)",
 "cstr_core 0.1.2 (registry+https://github.com/rust-lang/crates.io-index)",
 "cty 0.1.5 (registry+https://github.com/rust-lang/crates.io-index)",
 "embedded-freetype-sys 0.1.0 (registry+https://github.com/rust-lang/crates.io-index)",
 "failure 0.1.5 (registry+https://github.com/rust-lang/crates.io-index)",
 "ndless 0.5.2 (registry+https://github.com/rust-lang/crates.io-index)",
 "ndless-sys 0.1.3 (registry+https://github.com/rust-lang/crates.io-index)",
]

[[package]]
name = "ndless-handler"
version = "0.1.0"
source = "registry+https://github.com/rust-lang/crates.io-index"
dependencies = [
 "cty 0.1.5 (registry+https://github.com/rust-lang/crates.io-index)",
 "ndless-sys 0.1.3 (registry+https://github.com/rust-lang/crates.io-index)",
 "nspire 0.3.2 (registry+https://github.com/rust-lang/crates.io-index)",
]

[[package]]
name = "ndless-macros"
version = "0.1.1"
source = "registry+https://github.com/rust-lang/crates.io-index"
dependencies = [
 "cty 0.1.5 (registry+https://github.com/rust-lang/crates.io-index)",
 "ndless-static-vars 1.0.0 (registry+https://github.com/rust-lang/crates.io-index)",
 "proc-macro2 0.4.27 (registry+https://github.com/rust-lang/crates.io-index)",
 "quote 0.6.11 (registry+https://github.com/rust-lang/crates.io-index)",
 "syn 0.15.26 (registry+https://github.com/rust-lang/crates.io-index)",
]

[[package]]
name = "ndless-sdl"
version = "0.1.5"
source = "registry+https://github.com/rust-lang/crates.io-index"
dependencies = [
 "cstr_core 0.1.2 (registry+https://github.com/rust-lang/crates.io-index)",
 "cty 0.1.5 (registry+https://github.com/rust-lang/crates.io-index)",
 "ndless 0.6.0 (registry+https://github.com/rust-lang/crates.io-index)",
 "ndless-freetype 0.1.1 (registry+https://github.com/rust-lang/crates.io-index)",
 "num 0.2.0 (registry+https://github.com/rust-lang/crates.io-index)",
 "unicode-segmentation 1.2.1 (registry+https://github.com/rust-lang/crates.io-index)",
]

[[package]]
name = "ndless-static-vars"
version = "1.0.0"
source = "registry+https://github.com/rust-lang/crates.io-index"

[[package]]
name = "ndless-sys"
version = "0.1.3"
source = "registry+https://github.com/rust-lang/crates.io-index"
dependencies = [
 "cty 0.1.5 (registry+https://github.com/rust-lang/crates.io-index)",
]

[[package]]
name = "nspire"
version = "0.3.2"
source = "registry+https://github.com/rust-lang/crates.io-index"
dependencies = [
 "cstr_core 0.1.2 (registry+https://github.com/rust-lang/crates.io-index)",
 "cty 0.1.5 (registry+https://github.com/rust-lang/crates.io-index)",
 "ndless-sys 0.1.3 (registry+https://github.com/rust-lang/crates.io-index)",
]

[[package]]
name = "num"
version = "0.2.0"
source = "registry+https://github.com/rust-lang/crates.io-index"
dependencies = [
 "num-complex 0.2.1 (registry+https://github.com/rust-lang/crates.io-index)",
 "num-integer 0.1.39 (registry+https://github.com/rust-lang/crates.io-index)",
 "num-iter 0.1.37 (registry+https://github.com/rust-lang/crates.io-index)",
 "num-rational 0.2.1 (registry+https://github.com/rust-lang/crates.io-index)",
 "num-traits 0.2.6 (registry+https://github.com/rust-lang/crates.io-index)",
]

[[package]]
name = "num-complex"
version = "0.2.1"
source = "registry+https://github.com/rust-lang/crates.io-index"
dependencies = [
 "num-traits 0.2.6 (registry+https://github.com/rust-lang/crates.io-index)",
]

[[package]]
name = "num-integer"
version = "0.1.39"
source = "registry+https://github.com/rust-lang/crates.io-index"
dependencies = [
 "num-traits 0.2.6 (registry+https://github.com/rust-lang/crates.io-index)",
]

[[package]]
name = "num-iter"
version = "0.1.37"
source = "registry+https://github.com/rust-lang/crates.io-index"
dependencies = [
 "num-integer 0.1.39 (registry+https://github.com/rust-lang/crates.io-index)",
 "num-traits 0.2.6 (registry+https://github.com/rust-lang/crates.io-index)",
]

[[package]]
name = "num-rational"
version = "0.2.1"
source = "registry+https://github.com/rust-lang/crates.io-index"
dependencies = [
 "num-integer 0.1.39 (registry+https://github.com/rust-lang/crates.io-index)",
 "num-traits 0.2.6 (registry+https://github.com/rust-lang/crates.io-index)",
]

[[package]]
name = "num-traits"
version = "0.2.6"
source = "registry+https://github.com/rust-lang/crates.io-index"

[[package]]
name = "proc-macro2"
version = "0.4.27"
source = "registry+https://github.com/rust-lang/crates.io-index"
dependencies = [
 "unicode-xid 0.1.0 (registry+https://github.com/rust-lang/crates.io-index)",
]

[[package]]
name = "quote"
version = "0.6.11"
source = "registry+https://github.com/rust-lang/crates.io-index"
dependencies = [
 "proc-macro2 0.4.27 (registry+https://github.com/rust-lang/crates.io-index)",
]

[[package]]
name = "syn"
version = "0.15.26"
source = "registry+https://github.com/rust-lang/crates.io-index"
dependencies = [
 "proc-macro2 0.4.27 (registry+https://github.com/rust-lang/crates.io-index)",
 "quote 0.6.11 (registry+https://github.com/rust-lang/crates.io-index)",
 "unicode-xid 0.1.0 (registry+https://github.com/rust-lang/crates.io-index)",
]

[[package]]
name = "unicode-segmentation"
version = "1.2.1"
source = "registry+https://github.com/rust-lang/crates.io-index"

[[package]]
name = "unicode-xid"
version = "0.1.0"
source = "registry+https://github.com/rust-lang/crates.io-index"

[metadata]
"checksum bitflags 1.0.4 (registry+https://github.com/rust-lang/crates.io-index)" = "228047a76f468627ca71776ecdebd732a3423081fcf5125585bcd7c49886ce12"
"checksum cfg-if 0.1.6 (registry+https://github.com/rust-lang/crates.io-index)" = "082bb9b28e00d3c9d39cc03e64ce4cea0f1bb9b3fde493f0cbc008472d22bdf4"
"checksum cstr_core 0.1.2 (registry+https://github.com/rust-lang/crates.io-index)" = "6ebe7158ee57e848621d24d0ed87910edb97639cb94ad9977edf440e31226035"
"checksum cty 0.1.5 (registry+https://github.com/rust-lang/crates.io-index)" = "c4e1d41c471573612df00397113557693b5bf5909666a8acb253930612b93312"
"checksum embedded-freetype-sys 0.1.0 (registry+https://github.com/rust-lang/crates.io-index)" = "795b3c0acb1c2d84179287a0ea65942992333a2781dc18e421f8e49d8f5a4387"
"checksum failure 0.1.5 (registry+https://github.com/rust-lang/crates.io-index)" = "795bd83d3abeb9220f257e597aa0080a508b27533824adf336529648f6abf7e2"
"checksum memchr 2.1.3 (registry+https://github.com/rust-lang/crates.io-index)" = "e1dd4eaac298c32ce07eb6ed9242eda7d82955b9170b7d6db59b2e02cc63fcb8"
"checksum ndless 0.5.2 (registry+https://github.com/rust-lang/crates.io-index)" = "bb601ad70f942541a6ff3b6371bd0bd6228c7b2cc6c7656f4e097608648a365f"
"checksum ndless 0.6.0 (registry+https://github.com/rust-lang/crates.io-index)" = "44fd971956311e6cb4a5c965cbf1f84ce20859e5a3a13d55663d1c62fd125a0c"
"checksum ndless-freetype 0.1.1 (registry+https://github.com/rust-lang/crates.io-index)" = "1fa0c984e9de369945d03b0dacfaf40b0b264d064956df7ffbff81abbf0669c9"
"checksum ndless-handler 0.1.0 (registry+https://github.com/rust-lang/crates.io-index)" = "b03ad75ca67cccddebe463577a60844aaf5d46e73541ff85df79e664d186e33f"
"checksum ndless-macros 0.1.1 (registry+https://github.com/rust-lang/crates.io-index)" = "3533c4d99ecdf7ccfb53df5dcb9523239510973ab2205a84a9d73c9c1cd4b51c"
"checksum ndless-sdl 0.1.5 (registry+https://github.com/rust-lang/crates.io-index)" = "0184257b3ddb31c0eee7f945c61540dd3fc176dc718df46c0f8af62665020b2e"
"checksum ndless-static-vars 1.0.0 (registry+https://github.com/rust-lang/crates.io-index)" = "23d6a62f3ca036c792590fc6eb94d49e80c97cafce8e8d9bd73cfa11d35c1d0f"
"checksum ndless-sys 0.1.3 (registry+https://github.com/rust-lang/crates.io-index)" = "a96ee84b1578785a951683ed8c28b863b71317e1d1cca9feea7144ef4af6f6f9"
"checksum nspire 0.3.2 (registry+https://github.com/rust-lang/crates.io-index)" = "ec688ec8add240c2aefd27e71e2d649a87eea6b8136f71a6c43053b0816fe85b"
"checksum num 0.2.0 (registry+https://github.com/rust-lang/crates.io-index)" = "cf4825417e1e1406b3782a8ce92f4d53f26ec055e3622e1881ca8e9f5f9e08db"
"checksum num-complex 0.2.1 (registry+https://github.com/rust-lang/crates.io-index)" = "107b9be86cd2481930688277b675b0114578227f034674726605b8a482d8baf8"
"checksum num-integer 0.1.39 (registry+https://github.com/rust-lang/crates.io-index)" = "e83d528d2677f0518c570baf2b7abdcf0cd2d248860b68507bdcb3e91d4c0cea"
"checksum num-iter 0.1.37 (registry+https://github.com/rust-lang/crates.io-index)" = "af3fdbbc3291a5464dc57b03860ec37ca6bf915ed6ee385e7c6c052c422b2124"
"checksum num-rational 0.2.1 (registry+https://github.com/rust-lang/crates.io-index)" = "4e96f040177bb3da242b5b1ecf3f54b5d5af3efbbfb18608977a5d2767b22f10"
"checksum num-traits 0.2.6 (registry+https://github.com/rust-lang/crates.io-index)" = "0b3a5d7cc97d6d30d8b9bc8fa19bf45349ffe46241e8816f50f62f6d6aaabee1"
"checksum proc-macro2 0.4.27 (registry+https://github.com/rust-lang/crates.io-index)" = "4d317f9caece796be1980837fd5cb3dfec5613ebdb04ad0956deea83ce168915"
"checksum quote 0.6.11 (registry+https://github.com/rust-lang/crates.io-index)" = "cdd8e04bd9c52e0342b406469d494fcb033be4bdbe5c606016defbb1681411e1"
"checksum syn 0.15.26 (registry+https://github.com/rust-lang/crates.io-index)" = "f92e629aa1d9c827b2bb8297046c1ccffc57c99b947a680d3ccff1f136a3bee9"
"checksum unicode-segmentation 1.2.1 (registry+https://github.com/rust-lang/crates.io-index)" = "aa6024fc12ddfd1c6dbc14a80fa2324d4568849869b779f6bd37e5e4c03344d1"
"checksum unicode-xid 0.1.0 (registry+https://github.com/rust-lang/crates.io-index)" = "fc72304796d0818e357ead4e000d19c9c174ab23dc11093ac919054d20a6a7fc"
